
Microsoft Visual Studio Solution File, Format Version 12.00
# Visual Studio Version 16
VisualStudioVersion = 16.0.31112.23
MinimumVisualStudioVersion = 10.0.40219.1
Project("{FAE04EC0-301F-11D3-BF4B-00C04F79EFBC}") = "TrainReservationAPI", "TrainReservationAPI\TrainReservationAPI.csproj", "{214CEAB9-4EBE-4FF7-BCEA-A577463EA2AD}"
EndProject
Global
	GlobalSection(SolutionConfigurationPlatforms) = preSolution
		Debug|Any CPU = Debug|Any CPU
		Release|Any CPU = Release|Any CPU
	EndGlobalSection
	GlobalSection(ProjectConfigurationPlatforms) = postSolution
		{214CEAB9-4EBE-4FF7-BCEA-A577463EA2AD}.Debug|Any CPU.ActiveCfg = Debug|Any CPU
		{214CEAB9-4EBE-4FF7-BCEA-A577463EA2AD}.Debug|Any CPU.Build.0 = Debug|Any CPU
		{214CEAB9-4EBE-4FF7-BCEA-A577463EA2AD}.Release|Any CPU.ActiveCfg = Release|Any CPU
		{214CEAB9-4EBE-4FF7-BCEA-A577463EA2AD}.Release|Any CPU.Build.0 = Release|Any CPU
	EndGlobalSection
	GlobalSection(SolutionProperties) = preSolution
		HideSolutionNode = FALSE
	EndGlobalSection
	GlobalSection(ExtensibilityGlobals) = postSolution
		SolutionGuid = {687839DA-8DF7-4B6F-A5E1-F1E5CAA740BC}
	EndGlobalSection
EndGlobal
